
Microsoft Visual Studio Solution File, Format Version 11.00
# Visual Studio 2010
Project("{FAE04EC0-301F-11D3-BF4B-00C04F79EFBC}") = "Part-008-DataAccessByEntityFramework", "Part-008-DataAccessByEntityFramework\Part-008-DataAccessByEntityFramework.csproj", "{6B9EB34B-9FA4-4DF1-B9FE-6E1E0DDE4CAA}"
EndProject
Global
	GlobalSection(SolutionConfigurationPlatforms) = preSolution
		Debug|Any CPU = Debug|Any CPU
		Release|Any CPU = Release|Any CPU
	EndGlobalSection
	GlobalSection(ProjectConfigurationPlatforms) = postSolution
		{6B9EB34B-9FA4-4DF1-B9FE-6E1E0DDE4CAA}.Debug|Any CPU.ActiveCfg = Debug|Any CPU
		{6B9EB34B-9FA4-4DF1-B9FE-6E1E0DDE4CAA}.Debug|Any CPU.Build.0 = Debug|Any CPU
		{6B9EB34B-9FA4-4DF1-B9FE-6E1E0DDE4CAA}.Release|Any CPU.ActiveCfg = Release|Any CPU
		{6B9EB34B-9FA4-4DF1-B9FE-6E1E0DDE4CAA}.Release|Any CPU.Build.0 = Release|Any CPU
	EndGlobalSection
	GlobalSection(SolutionProperties) = preSolution
		HideSolutionNode = FALSE
	EndGlobalSection
EndGlobal
